
Microsoft Visual Studio Solution File, Format Version 12.00
# Visual Studio Version 17
VisualStudioVersion = 17.1.31903.286
MinimumVisualStudioVersion = 10.0.40219.1
Project("{FAE04EC0-301F-11D3-BF4B-00C04F79EFBC}") = "WPFforQuicker", "WPFforQuicker\WPFforQuicker.csproj", "{CCAB4513-2D49-4593-B5C9-176E39EF289F}"
EndProject
Global
	GlobalSection(SolutionConfigurationPlatforms) = preSolution
		Debug|Any CPU = Debug|Any CPU
		Release|Any CPU = Release|Any CPU
	EndGlobalSection
	GlobalSection(ProjectConfigurationPlatforms) = postSolution
		{CCAB4513-2D49-4593-B5C9-176E39EF289F}.Debug|Any CPU.ActiveCfg = Debug|Any CPU
		{CCAB4513-2D49-4593-B5C9-176E39EF289F}.Debug|Any CPU.Build.0 = Debug|Any CPU
		{CCAB4513-2D49-4593-B5C9-176E39EF289F}.Release|Any CPU.ActiveCfg = Release|Any CPU
		{CCAB4513-2D49-4593-B5C9-176E39EF289F}.Release|Any CPU.Build.0 = Release|Any CPU
	EndGlobalSection
	GlobalSection(SolutionProperties) = preSolution
		HideSolutionNode = FALSE
	EndGlobalSection
	GlobalSection(ExtensibilityGlobals) = postSolution
		SolutionGuid = {AEE36E4B-93BD-4A49-9258-DF2EF5CE0684}
	EndGlobalSection
EndGlobal
